
Microsoft Visual Studio Solution File, Format Version 12.00
# Visual Studio Version 17
VisualStudioVersion = 17.5.33414.496
MinimumVisualStudioVersion = 10.0.40219.1
Project("{8BC9CEB8-8B4A-11D0-8D11-00A0C91BC942}") = "Program", "Program\Program.vcxproj", "{C6223121-653C-41CB-B96B-49341C963697}"
EndProject
Global
	GlobalSection(SolutionConfigurationPlatforms) = preSolution
		Debug|x64 = Debug|x64
		Debug|x86 = Debug|x86
		Release|x64 = Release|x64
		Release|x86 = Release|x86
	EndGlobalSection
	GlobalSection(ProjectConfigurationPlatforms) = postSolution
		{C6223121-653C-41CB-B96B-49341C963697}.Debug|x64.ActiveCfg = Debug|x64
		{C6223121-653C-41CB-B96B-49341C963697}.Debug|x64.Build.0 = Debug|x64
		{C6223121-653C-41CB-B96B-49341C963697}.Debug|x86.ActiveCfg = Debug|Win32
		{C6223121-653C-41CB-B96B-49341C963697}.Debug|x86.Build.0 = Debug|Win32
		{C6223121-653C-41CB-B96B-49341C963697}.Release|x64.ActiveCfg = Release|x64
		{C6223121-653C-41CB-B96B-49341C963697}.Release|x64.Build.0 = Release|x64
		{C6223121-653C-41CB-B96B-49341C963697}.Release|x86.ActiveCfg = Release|Win32
		{C6223121-653C-41CB-B96B-49341C963697}.Release|x86.Build.0 = Release|Win32
	EndGlobalSection
	GlobalSection(SolutionProperties) = preSolution
		HideSolutionNode = FALSE
	EndGlobalSection
	GlobalSection(ExtensibilityGlobals) = postSolution
		SolutionGuid = {A1EC64C8-8BA9-421C-AAC0-8CD0F7F83A43}
	EndGlobalSection
EndGlobal
